// !$*UTF8*$!
{
	archiveVersion = 1;
	classes = {
	};
	objectVersion = 46;
	objects = {

/* Begin PBXBuildFile section */
		7D15B84119AA89DA00EA970A /* main.c in Sources */ = {isa = PBXBuildFile; fileRef = 7D15B84019AA89DA00EA970A /* main.c */; };
		7D15B84819AA89F800EA970A /* km_cluster.c in Sources */ = {isa = PBXBuildFile; fileRef = 7D15B84719AA89F800EA970A /* km_cluster.c */; };
		7D15B84B19AA97DC00EA970A /* input-2.csv in CopyFiles */ = {isa = PBXBuildFile; fileRef = 7D15B84A19AA925E00EA970A /* input-2.csv */; };
		7D15B84E19AAA19200EA970A /* km_textfile.c in Sources */ = {isa = PBXBuildFile; fileRef = 7D15B84D19AAA19200EA970A /* km_textfile.c */; };
		7D3AC93B19ACDF8B00C92679 /* km_error.c in Sources */ = {isa = PBXBuildFile; fileRef = 7D3AC93A19ACDF8B00C92679 /* km_error.c */; };
		7D91E7AF19B0766600B58D87 /* km_pointlist.c in Sources */ = {isa = PBXBuildFile; fileRef = 7D91E7AD19B0766600B58D87 /* km_pointlist.c */; };
		7D91E7B219B0779100B58D87 /* km_point.c in Sources */ = {isa = PBXBuildFile; fileRef = 7D91E7B019B0779100B58D87 /* km_point.c */; };
		7D91E7B519B07C7D00B58D87 /* km_local.c in Sources */ = {isa = PBXBuildFile; fileRef = 7D91E7B319B07C7D00B58D87 /* km_local.c */; };
/* End PBXBuildFile section */

/* Begin PBXCopyFilesBuildPhase section */
		7D15B83B19AA89DA00EA970A /* CopyFiles */ = {
			isa = PBXCopyFilesBuildPhase;
			buildActionMask = 12;
			dstPath = "";
			dstSubfolderSpec = 16;
			files = (
				7D15B84B19AA97DC00EA970A /* input-2.csv in CopyFiles */,
			);
			runOnlyForDeploymentPostprocessing = 0;
		};
/* End PBXCopyFilesBuildPhase section */

/* Begin PBXFileReference section */
		7D15B83D19AA89DA00EA970A /* k-means */ = {isa = PBXFileReference; explicitFileType = "compiled.mach-o.executable"; includeInIndex = 0; path = "k-means"; sourceTree = BUILT_PRODUCTS_DIR; };
		7D15B84019AA89DA00EA970A /* main.c */ = {isa = PBXFileReference; lastKnownFileType = sourcecode.c.c; path = main.c; sourceTree = "<group>"; };
		7D15B84719AA89F800EA970A /* km_cluster.c */ = {isa = PBXFileReference; fileEncoding = 4; lastKnownFileType = sourcecode.c.c; path = km_cluster.c; sourceTree = "<group>"; };
		7D15B84919AA8A1300EA970A /* km_cluster.h */ = {isa = PBXFileReference; lastKnownFileType = sourcecode.c.h; path = km_cluster.h; sourceTree = "<group>"; };
		7D15B84A19AA925E00EA970A /* input-2.csv */ = {isa = PBXFileReference; lastKnownFileType = text; path = "input-2.csv"; sourceTree = "<group>"; };
		7D15B84C19AAA17E00EA970A /* km_textfile.h */ = {isa = PBXFileReference; lastKnownFileType = sourcecode.c.h; path = km_textfile.h; sourceTree = "<group>"; };
		7D15B84D19AAA19200EA970A /* km_textfile.c */ = {isa = PBXFileReference; fileEncoding = 4; lastKnownFileType = sourcecode.c.c; path = km_textfile.c; sourceTree = "<group>"; };
		7D15B84F19AAA20000EA970A /* km_error.h */ = {isa = PBXFileReference; lastKnownFileType = sourcecode.c.h; path = km_error.h; sourceTree = "<group>"; };
		7D3AC93A19ACDF8B00C92679 /* km_error.c */ = {isa = PBXFileReference; fileEncoding = 4; lastKnownFileType = sourcecode.c.c; path = km_error.c; sourceTree = "<group>"; };
		7D91E7AD19B0766600B58D87 /* km_pointlist.c */ = {isa = PBXFileReference; fileEncoding = 4; lastKnownFileType = sourcecode.c.c; path = km_pointlist.c; sourceTree = "<group>"; };
		7D91E7AE19B0766600B58D87 /* km_pointlist.h */ = {isa = PBXFileReference; fileEncoding = 4; lastKnownFileType = sourcecode.c.h; path = km_pointlist.h; sourceTree = "<group>"; };
		7D91E7B019B0779100B58D87 /* km_point.c */ = {isa = PBXFileReference; fileEncoding = 4; lastKnownFileType = sourcecode.c.c; path = km_point.c; sourceTree = "<group>"; };
		7D91E7B119B0779100B58D87 /* km_point.h */ = {isa = PBXFileReference; fileEncoding = 4; lastKnownFileType = sourcecode.c.h; path = km_point.h; sourceTree = "<group>"; };
		7D91E7B319B07C7D00B58D87 /* km_local.c */ = {isa = PBXFileReference; fileEncoding = 4; lastKnownFileType = sourcecode.c.c; path = km_local.c; sourceTree = "<group>"; };
		7D91E7B419B07C7D00B58D87 /* km_local.h */ = {isa = PBXFileReference; fileEncoding = 4; lastKnownFileType = sourcecode.c.h; path = km_local.h; sourceTree = "<group>"; };
/* End PBXFileReference section */

/* Begin PBXFrameworksBuildPhase section */
		7D15B83A19AA89DA00EA970A /* Frameworks */ = {
			isa = PBXFrameworksBuildPhase;
			buildActionMask = 2147483647;
			files = (
			);
			runOnlyForDeploymentPostprocessing = 0;
		};
/* End PBXFrameworksBuildPhase section */

/* Begin PBXGroup section */
		7D15B83419AA89DA00EA970A = {
			isa = PBXGroup;
			children = (
				7D15B83F19AA89DA00EA970A /* k-means */,
				7D15B83E19AA89DA00EA970A /* Products */,
			);
			sourceTree = "<group>";
		};
		7D15B83E19AA89DA00EA970A /* Products */ = {
			isa = PBXGroup;
			children = (
				7D15B83D19AA89DA00EA970A /* k-means */,
			);
			name = Products;
			sourceTree = "<group>";
		};
		7D15B83F19AA89DA00EA970A /* k-means */ = {
			isa = PBXGroup;
			children = (
				7D15B84A19AA925E00EA970A /* input-2.csv */,
				7D15B84019AA89DA00EA970A /* main.c */,
				7D91E7B419B07C7D00B58D87 /* km_local.h */,
				7D91E7B319B07C7D00B58D87 /* km_local.c */,
				7D15B84919AA8A1300EA970A /* km_cluster.h */,
				7D15B84719AA89F800EA970A /* km_cluster.c */,
				7D91E7B119B0779100B58D87 /* km_point.h */,
				7D91E7B019B0779100B58D87 /* km_point.c */,
				7D91E7AE19B0766600B58D87 /* km_pointlist.h */,
				7D91E7AD19B0766600B58D87 /* km_pointlist.c */,
				7D15B84F19AAA20000EA970A /* km_error.h */,
				7D3AC93A19ACDF8B00C92679 /* km_error.c */,
				7D15B84C19AAA17E00EA970A /* km_textfile.h */,
				7D15B84D19AAA19200EA970A /* km_textfile.c */,
			);
			path = "k-means";
			sourceTree = "<group>";
		};
/* End PBXGroup section */

/* Begin PBXNativeTarget section */
		7D15B83C19AA89DA00EA970A /* k-means */ = {
			isa = PBXNativeTarget;
			buildConfigurationList = 7D15B84419AA89DA00EA970A /* Build configuration list for PBXNativeTarget "k-means" */;
			buildPhases = (
				7D15B83919AA89DA00EA970A /* Sources */,
				7D15B83A19AA89DA00EA970A /* Frameworks */,
				7D15B83B19AA89DA00EA970A /* CopyFiles */,
			);
			buildRules = (
			);
			dependencies = (
			);
			name = "k-means";
			productName = "k-means";
			productReference = 7D15B83D19AA89DA00EA970A /* k-means */;
			productType = "com.apple.product-type.tool";
		};
/* End PBXNativeTarget section */

/* Begin PBXProject section */
		7D15B83519AA89DA00EA970A /* Project object */ = {
			isa = PBXProject;
			attributes = {
				LastUpgradeCheck = 0600;
				ORGANIZATIONNAME = "Jamie Bullock";
				TargetAttributes = {
					7D15B83C19AA89DA00EA970A = {
						CreatedOnToolsVersion = 6.0;
					};
				};
			};
			buildConfigurationList = 7D15B83819AA89DA00EA970A /* Build configuration list for PBXProject "k-means" */;
			compatibilityVersion = "Xcode 3.2";
			developmentRegion = English;
			hasScannedForEncodings = 0;
			knownRegions = (
				en,
			);
			mainGroup = 7D15B83419AA89DA00EA970A;
			productRefGroup = 7D15B83E19AA89DA00EA970A /* Products */;
			projectDirPath = "";
			projectRoot = "";
			targets = (
				7D15B83C19AA89DA00EA970A /* k-means */,
			);
		};
/* End PBXProject section */

/* Begin PBXSourcesBuildPhase section */
		7D15B83919AA89DA00EA970A /* Sources */ = {
			isa = PBXSourcesBuildPhase;
			buildActionMask = 2147483647;
			files = (
				7D91E7AF19B0766600B58D87 /* km_pointlist.c in Sources */,
				7D3AC93B19ACDF8B00C92679 /* km_error.c in Sources */,
				7D91E7B519B07C7D00B58D87 /* km_local.c in Sources */,
				7D15B84819AA89F800EA970A /* km_cluster.c in Sources */,
				7D15B84E19AAA19200EA970A /* km_textfile.c in Sources */,
				7D91E7B219B0779100B58D87 /* km_point.c in Sources */,
				7D15B84119AA89DA00EA970A /* main.c in Sources */,
			);
			runOnlyForDeploymentPostprocessing = 0;
		};
/* End PBXSourcesBuildPhase section */

/* Begin XCBuildConfiguration section */
		7D15B84219AA89DA00EA970A /* Debug */ = {
			isa = XCBuildConfiguration;
			buildSettings = {
				ALWAYS_SEARCH_USER_PATHS = NO;
				CLANG_CXX_LANGUAGE_STANDARD = "gnu++0x";
				CLANG_CXX_LIBRARY = "libc++";
				CLANG_ENABLE_MODULES = YES;
				CLANG_ENABLE_OBJC_ARC = YES;
				CLANG_WARN_BOOL_CONVERSION = YES;
				CLANG_WARN_CONSTANT_CONVERSION = YES;
				CLANG_WARN_DIRECT_OBJC_ISA_USAGE = YES_ERROR;
				CLANG_WARN_EMPTY_BODY = YES;
				CLANG_WARN_ENUM_CONVERSION = YES;
				CLANG_WARN_INT_CONVERSION = YES;
				CLANG_WARN_OBJC_ROOT_CLASS = YES_ERROR;
				CLANG_WARN_UNREACHABLE_CODE = YES;
				CLANG_WARN__DUPLICATE_METHOD_MATCH = YES;
				COPY_PHASE_STRIP = NO;
				ENABLE_STRICT_OBJC_MSGSEND = YES;
				GCC_C_LANGUAGE_STANDARD = gnu99;
				GCC_DYNAMIC_NO_PIC = NO;
				GCC_OPTIMIZATION_LEVEL = 0;
				GCC_PREPROCESSOR_DEFINITIONS = (
					"DEBUG=1",
					"$(inherited)",
				);
				GCC_SYMBOLS_PRIVATE_EXTERN = NO;
				GCC_WARN_64_TO_32_BIT_CONVERSION = YES;
				GCC_WARN_ABOUT_RETURN_TYPE = YES_ERROR;
				GCC_WARN_UNDECLARED_SELECTOR = YES;
				GCC_WARN_UNINITIALIZED_AUTOS = YES_AGGRESSIVE;
				GCC_WARN_UNUSED_FUNCTION = YES;
				GCC_WARN_UNUSED_VARIABLE = YES;
				MACOSX_DEPLOYMENT_TARGET = 10.10;
				MTL_ENABLE_DEBUG_INFO = YES;
				ONLY_ACTIVE_ARCH = YES;
				SDKROOT = macosx;
			};
			name = Debug;
		};
		7D15B84319AA89DA00EA970A /* Release */ = {
			isa = XCBuildConfiguration;
			buildSettings = {
				ALWAYS_SEARCH_USER_PATHS = NO;
				CLANG_CXX_LANGUAGE_STANDARD = "gnu++0x";
				CLANG_CXX_LIBRARY = "libc++";
				CLANG_ENABLE_MODULES = YES;
				CLANG_ENABLE_OBJC_ARC = YES;
				CLANG_WARN_BOOL_CONVERSION = YES;
				CLANG_WARN_CONSTANT_CONVERSION = YES;
				CLANG_WARN_DIRECT_OBJC_ISA_USAGE = YES_ERROR;
				CLANG_WARN_EMPTY_BODY = YES;
				CLANG_WARN_ENUM_CONVERSION = YES;
				CLANG_WARN_INT_CONVERSION = YES;
				CLANG_WARN_OBJC_ROOT_CLASS = YES_ERROR;
				CLANG_WARN_UNREACHABLE_CODE = YES;
				CLANG_WARN__DUPLICATE_METHOD_MATCH = YES;
				COPY_PHASE_STRIP = YES;
				DEBUG_INFORMATION_FORMAT = "dwarf-with-dsym";
				ENABLE_NS_ASSERTIONS = NO;
				ENABLE_STRICT_OBJC_MSGSEND = YES;
				GCC_C_LANGUAGE_STANDARD = gnu99;
				GCC_WARN_64_TO_32_BIT_CONVERSION = YES;
				GCC_WARN_ABOUT_RETURN_TYPE = YES_ERROR;
				GCC_WARN_UNDECLARED_SELECTOR = YES;
				GCC_WARN_UNINITIALIZED_AUTOS = YES_AGGRESSIVE;
				GCC_WARN_UNUSED_FUNCTION = YES;
				GCC_WARN_UNUSED_VARIABLE = YES;
				MACOSX_DEPLOYMENT_TARGET = 10.10;
				MTL_ENABLE_DEBUG_INFO = NO;
				SDKROOT = macosx;
			};
			name = Release;
		};
		7D15B84519AA89DA00EA970A /* Debug */ = {
			isa = XCBuildConfiguration;
			buildSettings = {
				PRODUCT_NAME = "$(TARGET_NAME)";
			};
			name = Debug;
		};
		7D15B84619AA89DA00EA970A /* Release */ = {
			isa = XCBuildConfiguration;
			buildSettings = {
				PRODUCT_NAME = "$(TARGET_NAME)";
			};
			name = Release;
		};
/* End XCBuildConfiguration section */

/* Begin XCConfigurationList section */
		7D15B83819AA89DA00EA970A /* Build configuration list for PBXProject "k-means" */ = {
			isa = XCConfigurationList;
			buildConfigurations = (
				7D15B84219AA89DA00EA970A /* Debug */,
				7D15B84319AA89DA00EA970A /* Release */,
			);
			defaultConfigurationIsVisible = 0;
			defaultConfigurationName = Release;
		};
		7D15B84419AA89DA00EA970A /* Build configuration list for PBXNativeTarget "k-means" */ = {
			isa = XCConfigurationList;
			buildConfigurations = (
				7D15B84519AA89DA00EA970A /* Debug */,
				7D15B84619AA89DA00EA970A /* Release */,
			);
			defaultConfigurationIsVisible = 0;
			defaultConfigurationName = Release;
		};
/* End XCConfigurationList section */
	};
	rootObject = 7D15B83519AA89DA00EA970A /* Project object */;
}
